
Microsoft Visual Studio Solution File, Format Version 12.00
# Visual Studio 15
VisualStudioVersion = 15.0.27703.2042
MinimumVisualStudioVersion = 10.0.40219.1
Project("{FAE04EC0-301F-11D3-BF4B-00C04F79EFBC}") = "HaE PBLimiter", "HaE PBLimiter\HaE PBLimiter.csproj", "{CDA400FF-A790-4C97-A017-B656E9526D03}"
EndProject
Global
	GlobalSection(SolutionConfigurationPlatforms) = preSolution
		Debug|Any CPU = Debug|Any CPU
		Debug|x64 = Debug|x64
		Release|Any CPU = Release|Any CPU
		Release|x64 = Release|x64
	EndGlobalSection
	GlobalSection(ProjectConfigurationPlatforms) = postSolution
		{CDA400FF-A790-4C97-A017-B656E9526D03}.Debug|Any CPU.ActiveCfg = Debug|Any CPU
		{CDA400FF-A790-4C97-A017-B656E9526D03}.Debug|Any CPU.Build.0 = Debug|Any CPU
		{CDA400FF-A790-4C97-A017-B656E9526D03}.Debug|x64.ActiveCfg = Debug|x64
		{CDA400FF-A790-4C97-A017-B656E9526D03}.Debug|x64.Build.0 = Debug|x64
		{CDA400FF-A790-4C97-A017-B656E9526D03}.Release|Any CPU.ActiveCfg = Release|Any CPU
		{CDA400FF-A790-4C97-A017-B656E9526D03}.Release|Any CPU.Build.0 = Release|Any CPU
		{CDA400FF-A790-4C97-A017-B656E9526D03}.Release|x64.ActiveCfg = Release|x64
		{CDA400FF-A790-4C97-A017-B656E9526D03}.Release|x64.Build.0 = Release|x64
	EndGlobalSection
	GlobalSection(SolutionProperties) = preSolution
		HideSolutionNode = FALSE
	EndGlobalSection
	GlobalSection(ExtensibilityGlobals) = postSolution
		SolutionGuid = {24A115F5-C961-4BB4-828C-ABB78CCE348C}
	EndGlobalSection
EndGlobal
